
Microsoft Visual Studio Solution File, Format Version 12.00
# Visual Studio Version 16
VisualStudioVersion = 16.0.31005.135
MinimumVisualStudioVersion = 10.0.40219.1
Project("{9A19103F-16F7-4668-BE54-9A1E7A4F7556}") = "ZonTools", "ZonTools\ZonTools.csproj", "{130C11BC-563B-40ED-A8B2-5B03D68C28C9}"
EndProject
Project("{9A19103F-16F7-4668-BE54-9A1E7A4F7556}") = "ZonTools.Controllers", "ZonTools.Controllers\ZonTools.Controllers.csproj", "{F49F2370-313A-42F9-82F3-80828659378E}"
EndProject
Project("{9A19103F-16F7-4668-BE54-9A1E7A4F7556}") = "ZonTools.WebApi", "ZonTools.WebApi\ZonTools.WebApi.csproj", "{72D0EDF9-2FCF-447E-B732-85D070ACF2CE}"
EndProject
Project("{2150E333-8FDC-42A3-9474-1A3956D46DE8}") = "SolutionItems", "SolutionItems", "{B50EAB6B-3D32-4723-B676-811C3B566ED0}"
	ProjectSection(SolutionItems) = preProject
		README.md = README.md
	EndProjectSection
EndProject
Project("{FAE04EC0-301F-11D3-BF4B-00C04F79EFBC}") = "ZonTools.Shared", "ZonTools.Shared\ZonTools.Shared.csproj", "{683172E0-9751-4369-ABFD-A09E8994EA81}"
EndProject
Global
	GlobalSection(SolutionConfigurationPlatforms) = preSolution
		Debug|Any CPU = Debug|Any CPU
		Release|Any CPU = Release|Any CPU
	EndGlobalSection
	GlobalSection(ProjectConfigurationPlatforms) = postSolution
		{130C11BC-563B-40ED-A8B2-5B03D68C28C9}.Debug|Any CPU.ActiveCfg = Debug|Any CPU
		{130C11BC-563B-40ED-A8B2-5B03D68C28C9}.Debug|Any CPU.Build.0 = Debug|Any CPU
		{130C11BC-563B-40ED-A8B2-5B03D68C28C9}.Release|Any CPU.ActiveCfg = Release|Any CPU
		{130C11BC-563B-40ED-A8B2-5B03D68C28C9}.Release|Any CPU.Build.0 = Release|Any CPU
		{F49F2370-313A-42F9-82F3-80828659378E}.Debug|Any CPU.ActiveCfg = Debug|Any CPU
		{F49F2370-313A-42F9-82F3-80828659378E}.Debug|Any CPU.Build.0 = Debug|Any CPU
		{F49F2370-313A-42F9-82F3-80828659378E}.Release|Any CPU.ActiveCfg = Release|Any CPU
		{F49F2370-313A-42F9-82F3-80828659378E}.Release|Any CPU.Build.0 = Release|Any CPU
		{72D0EDF9-2FCF-447E-B732-85D070ACF2CE}.Debug|Any CPU.ActiveCfg = Debug|Any CPU
		{72D0EDF9-2FCF-447E-B732-85D070ACF2CE}.Debug|Any CPU.Build.0 = Debug|Any CPU
		{72D0EDF9-2FCF-447E-B732-85D070ACF2CE}.Release|Any CPU.ActiveCfg = Release|Any CPU
		{72D0EDF9-2FCF-447E-B732-85D070ACF2CE}.Release|Any CPU.Build.0 = Release|Any CPU
		{683172E0-9751-4369-ABFD-A09E8994EA81}.Debug|Any CPU.ActiveCfg = Debug|Any CPU
		{683172E0-9751-4369-ABFD-A09E8994EA81}.Debug|Any CPU.Build.0 = Debug|Any CPU
		{683172E0-9751-4369-ABFD-A09E8994EA81}.Release|Any CPU.ActiveCfg = Release|Any CPU
		{683172E0-9751-4369-ABFD-A09E8994EA81}.Release|Any CPU.Build.0 = Release|Any CPU
	EndGlobalSection
	GlobalSection(SolutionProperties) = preSolution
		HideSolutionNode = FALSE
	EndGlobalSection
	GlobalSection(ExtensibilityGlobals) = postSolution
		SolutionGuid = {47FC75A8-A89D-409B-9E8D-A8DA07382E0B}
	EndGlobalSection
EndGlobal
